
Microsoft Visual Studio Solution File, Format Version 12.00
# Visual Studio Version 17
VisualStudioVersion = 17.12.35506.116 d17.12
MinimumVisualStudioVersion = 10.0.40219.1
Project("{FAE04EC0-301F-11D3-BF4B-00C04F79EFBC}") = "CleanCodeCalc.Library", "CleanCodeCalc.Library\CleanCodeCalc.Library.csproj", "{CC6A7431-B395-4106-BA12-9422A748C450}"
EndProject
Project("{FAE04EC0-301F-11D3-BF4B-00C04F79EFBC}") = "CleanCodeCalc.Console", "CleanCodeCalc.Console\CleanCodeCalc.Console.csproj", "{72043349-224B-4B2D-8624-A9BD6489E542}"
EndProject
Global
	GlobalSection(SolutionConfigurationPlatforms) = preSolution
		Debug|Any CPU = Debug|Any CPU
		Release|Any CPU = Release|Any CPU
	EndGlobalSection
	GlobalSection(ProjectConfigurationPlatforms) = postSolution
		{CC6A7431-B395-4106-BA12-9422A748C450}.Debug|Any CPU.ActiveCfg = Debug|Any CPU
		{CC6A7431-B395-4106-BA12-9422A748C450}.Debug|Any CPU.Build.0 = Debug|Any CPU
		{CC6A7431-B395-4106-BA12-9422A748C450}.Release|Any CPU.ActiveCfg = Release|Any CPU
		{CC6A7431-B395-4106-BA12-9422A748C450}.Release|Any CPU.Build.0 = Release|Any CPU
		{72043349-224B-4B2D-8624-A9BD6489E542}.Debug|Any CPU.ActiveCfg = Debug|Any CPU
		{72043349-224B-4B2D-8624-A9BD6489E542}.Debug|Any CPU.Build.0 = Debug|Any CPU
		{72043349-224B-4B2D-8624-A9BD6489E542}.Release|Any CPU.ActiveCfg = Release|Any CPU
		{72043349-224B-4B2D-8624-A9BD6489E542}.Release|Any CPU.Build.0 = Release|Any CPU
	EndGlobalSection
	GlobalSection(SolutionProperties) = preSolution
		HideSolutionNode = FALSE
	EndGlobalSection
EndGlobal
